
Microsoft Visual Studio Solution File, Format Version 12.00
# Visual Studio Version 16
VisualStudioVersion = 16.0.30406.217
MinimumVisualStudioVersion = 10.0.40219.1
Project("{9A19103F-16F7-4668-BE54-9A1E7A4F7556}") = "IntelligentGrowthSolutions.Marketplace", "IntelligentGrowthSolutions.Marketplace.csproj", "{F242E5AD-A219-4373-8606-CAC0221878A4}"
EndProject
Project("{2150E333-8FDC-42A3-9474-1A3956D46DE8}") = "Results", "Results", "{D59E0333-8879-4257-BF8E-D0FACDA3DE75}"
	ProjectSection(SolutionItems) = preProject
		Results\PostmanResults.PNG = Results\PostmanResults.PNG
		Results\Swagger.PNG = Results\Swagger.PNG
	EndProjectSection
EndProject
Global
	GlobalSection(SolutionConfigurationPlatforms) = preSolution
		Debug|Any CPU = Debug|Any CPU
		Release|Any CPU = Release|Any CPU
	EndGlobalSection
	GlobalSection(ProjectConfigurationPlatforms) = postSolution
		{F242E5AD-A219-4373-8606-CAC0221878A4}.Debug|Any CPU.ActiveCfg = Debug|Any CPU
		{F242E5AD-A219-4373-8606-CAC0221878A4}.Debug|Any CPU.Build.0 = Debug|Any CPU
		{F242E5AD-A219-4373-8606-CAC0221878A4}.Release|Any CPU.ActiveCfg = Release|Any CPU
		{F242E5AD-A219-4373-8606-CAC0221878A4}.Release|Any CPU.Build.0 = Release|Any CPU
	EndGlobalSection
	GlobalSection(SolutionProperties) = preSolution
		HideSolutionNode = FALSE
	EndGlobalSection
	GlobalSection(ExtensibilityGlobals) = postSolution
		SolutionGuid = {66C9FBA1-F179-43BB-B6C6-9FCF35E5613C}
	EndGlobalSection
EndGlobal
